
Microsoft Visual Studio Solution File, Format Version 12.00
# Visual Studio Version 17
VisualStudioVersion = 17.0.32126.317
MinimumVisualStudioVersion = 10.0.40219.1
Project("{FAE04EC0-301F-11D3-BF4B-00C04F79EFBC}") = "Pizza", "Pizza\Pizza.csproj", "{940D724C-76F9-4249-9399-3F614BF35482}"
EndProject
Global
	GlobalSection(SolutionConfigurationPlatforms) = preSolution
		Debug|Any CPU = Debug|Any CPU
		Release|Any CPU = Release|Any CPU
	EndGlobalSection
	GlobalSection(ProjectConfigurationPlatforms) = postSolution
		{940D724C-76F9-4249-9399-3F614BF35482}.Debug|Any CPU.ActiveCfg = Debug|Any CPU
		{940D724C-76F9-4249-9399-3F614BF35482}.Debug|Any CPU.Build.0 = Debug|Any CPU
		{940D724C-76F9-4249-9399-3F614BF35482}.Release|Any CPU.ActiveCfg = Release|Any CPU
		{940D724C-76F9-4249-9399-3F614BF35482}.Release|Any CPU.Build.0 = Release|Any CPU
	EndGlobalSection
	GlobalSection(SolutionProperties) = preSolution
		HideSolutionNode = FALSE
	EndGlobalSection
	GlobalSection(ExtensibilityGlobals) = postSolution
		SolutionGuid = {B0387766-314E-4BE4-A555-5E810D207CD3}
	EndGlobalSection
EndGlobal
